dependencies:
- name: postgresql
  repository: https://charts.bitnami.com/bitnami
  version: 16.4.16
- name: mongodb
  repository: https://charts.bitnami.com/bitnami
  version: 16.2.2
digest: sha256:166fa36b9c15d36a61f686c76f2e9c0963c68d4262a67e2a051593ba6469fa0e
generated: "2026-06-06T18:18:37.669536+06:00"
